
Microsoft Visual Studio Solution File, Format Version 12.00
Project("{FAE04EC0-301F-11D3-BF4B-00C04F79EFBC}") = "pokedex", "pokedex.csproj", "{7A6FDF24-4A67-430F-9479-08F7D2C4DFD8}"
EndProject
Global
	GlobalSection(SolutionConfigurationPlatforms) = preSolution
		Debug|Any CPU = Debug|Any CPU
		Release|Any CPU = Release|Any CPU
	EndGlobalSection
	GlobalSection(ProjectConfigurationPlatforms) = postSolution
		{7A6FDF24-4A67-430F-9479-08F7D2C4DFD8}.Debug|Any CPU.ActiveCfg = Debug|Any CPU
		{7A6FDF24-4A67-430F-9479-08F7D2C4DFD8}.Debug|Any CPU.Build.0 = Debug|Any CPU
		{7A6FDF24-4A67-430F-9479-08F7D2C4DFD8}.Release|Any CPU.ActiveCfg = Release|Any CPU
		{7A6FDF24-4A67-430F-9479-08F7D2C4DFD8}.Release|Any CPU.Build.0 = Release|Any CPU
	EndGlobalSection
EndGlobal
